Microsoft Visual Studio Solution File, Format Version 12.00
# Visual Studio Version 17
VisualStudioVersion = 17.0.31903.59
MinimumVisualStudioVersion = 10.0.40219.1
Project("{2150E333-8FDC-42A3-9474-1A3956D46DE8}") = "src", "src", "{1A000000-0000-0000-0000-000000000001}"
EndProject
Project("{2150E333-8FDC-42A3-9474-1A3956D46DE8}") = "tests", "tests", "{1A000000-0000-0000-0000-000000000002}"
EndProject
Project("{9A19103F-16F7-4668-BE54-9A1E7A4F7556}") = "Aethernet.API", "src\Aethernet.API\Aethernet.API.csproj", "{0A000001-0000-0000-0000-000000000001}"
EndProject
Project("{9A19103F-16F7-4668-BE54-9A1E7A4F7556}") = "Aethernet.Shared", "src\Aethernet.Shared\Aethernet.Shared.csproj", "{0A000002-0000-0000-0000-000000000002}"
EndProject
Project("{9A19103F-16F7-4668-BE54-9A1E7A4F7556}") = "Aethernet.Data", "src\Aethernet.Data\Aethernet.Data.csproj", "{0A000003-0000-0000-0000-000000000003}"
EndProject
Project("{9A19103F-16F7-4668-BE54-9A1E7A4F7556}") = "Aethernet.Server", "src\Aethernet.Server\Aethernet.Server.csproj", "{0A000004-0000-0000-0000-000000000004}"
EndProject
Project("{9A19103F-16F7-4668-BE54-9A1E7A4F7556}") = "Aethernet.AuthService", "src\Aethernet.AuthService\Aethernet.AuthService.csproj", "{0A000005-0000-0000-0000-000000000005}"
EndProject
Project("{9A19103F-16F7-4668-BE54-9A1E7A4F7556}") = "Aethernet.FileServer", "src\Aethernet.FileServer\Aethernet.FileServer.csproj", "{0A000006-0000-0000-0000-000000000006}"
EndProject
Project("{9A19103F-16F7-4668-BE54-9A1E7A4F7556}") = "Aethernet.Plugin", "src\Aethernet.Plugin\Aethernet.Plugin.csproj", "{0A000007-0000-0000-0000-000000000007}"
EndProject
Project("{9A19103F-16F7-4668-BE54-9A1E7A4F7556}") = "Aethernet.Tests", "tests\Aethernet.Tests\Aethernet.Tests.csproj", "{0A000008-0000-0000-0000-000000000008}"
EndProject
Global
	GlobalSection(SolutionConfigurationPlatforms) = preSolution
		Debug|Any CPU = Debug|Any CPU
		Release|Any CPU = Release|Any CPU
	EndGlobalSection
	GlobalSection(ProjectConfigurationPlatforms) = postSolution
		{0A000001-0000-0000-0000-000000000001}.Debug|Any CPU.ActiveCfg = Debug|Any CPU
		{0A000001-0000-0000-0000-000000000001}.Debug|Any CPU.Build.0 = Debug|Any CPU
		{0A000001-0000-0000-0000-000000000001}.Release|Any CPU.ActiveCfg = Release|Any CPU
		{0A000001-0000-0000-0000-000000000001}.Release|Any CPU.Build.0 = Release|Any CPU
		{0A000002-0000-0000-0000-000000000002}.Debug|Any CPU.ActiveCfg = Debug|Any CPU
		{0A000002-0000-0000-0000-000000000002}.Debug|Any CPU.Build.0 = Debug|Any CPU
		{0A000002-0000-0000-0000-000000000002}.Release|Any CPU.ActiveCfg = Release|Any CPU
		{0A000002-0000-0000-0000-000000000002}.Release|Any CPU.Build.0 = Release|Any CPU
		{0A000003-0000-0000-0000-000000000003}.Debug|Any CPU.ActiveCfg = Debug|Any CPU
		{0A000003-0000-0000-0000-000000000003}.Debug|Any CPU.Build.0 = Debug|Any CPU
		{0A000003-0000-0000-0000-000000000003}.Release|Any CPU.ActiveCfg = Release|Any CPU
		{0A000003-0000-0000-0000-000000000003}.Release|Any CPU.Build.0 = Release|Any CPU
		{0A000004-0000-0000-0000-000000000004}.Debug|Any CPU.ActiveCfg = Debug|Any CPU
		{0A000004-0000-0000-0000-000000000004}.Debug|Any CPU.Build.0 = Debug|Any CPU
		{0A000004-0000-0000-0000-000000000004}.Release|Any CPU.ActiveCfg = Release|Any CPU
		{0A000004-0000-0000-0000-000000000004}.Release|Any CPU.Build.0 = Release|Any CPU
		{0A000005-0000-0000-0000-000000000005}.Debug|Any CPU.ActiveCfg = Debug|Any CPU
		{0A000005-0000-0000-0000-000000000005}.Debug|Any CPU.Build.0 = Debug|Any CPU
		{0A000005-0000-0000-0000-000000000005}.Release|Any CPU.ActiveCfg = Release|Any CPU
		{0A000005-0000-0000-0000-000000000005}.Release|Any CPU.Build.0 = Release|Any CPU
		{0A000006-0000-0000-0000-000000000006}.Debug|Any CPU.ActiveCfg = Debug|Any CPU
		{0A000006-0000-0000-0000-000000000006}.Debug|Any CPU.Build.0 = Debug|Any CPU
		{0A000006-0000-0000-0000-000000000006}.Release|Any CPU.ActiveCfg = Release|Any CPU
		{0A000006-0000-0000-0000-000000000006}.Release|Any CPU.Build.0 = Release|Any CPU
		{0A000007-0000-0000-0000-000000000007}.Debug|Any CPU.ActiveCfg = Debug|Any CPU
		{0A000007-0000-0000-0000-000000000007}.Debug|Any CPU.Build.0 = Debug|Any CPU
		{0A000007-0000-0000-0000-000000000007}.Release|Any CPU.ActiveCfg = Release|Any CPU
		{0A000007-0000-0000-0000-000000000007}.Release|Any CPU.Build.0 = Release|Any CPU
		{0A000008-0000-0000-0000-000000000008}.Debug|Any CPU.ActiveCfg = Debug|Any CPU
		{0A000008-0000-0000-0000-000000000008}.Debug|Any CPU.Build.0 = Debug|Any CPU
		{0A000008-0000-0000-0000-000000000008}.Release|Any CPU.ActiveCfg = Release|Any CPU
		{0A000008-0000-0000-0000-000000000008}.Release|Any CPU.Build.0 = Release|Any CPU
	EndGlobalSection
	GlobalSection(NestedProjects) = preSolution
		{0A000001-0000-0000-0000-000000000001} = {1A000000-0000-0000-0000-000000000001}
		{0A000002-0000-0000-0000-000000000002} = {1A000000-0000-0000-0000-000000000001}
		{0A000003-0000-0000-0000-000000000003} = {1A000000-0000-0000-0000-000000000001}
		{0A000004-0000-0000-0000-000000000004} = {1A000000-0000-0000-0000-000000000001}
		{0A000005-0000-0000-0000-000000000005} = {1A000000-0000-0000-0000-000000000001}
		{0A000006-0000-0000-0000-000000000006} = {1A000000-0000-0000-0000-000000000001}
		{0A000007-0000-0000-0000-000000000007} = {1A000000-0000-0000-0000-000000000001}
		{0A000008-0000-0000-0000-000000000008} = {1A000000-0000-0000-0000-000000000002}
	EndGlobalSection
EndGlobal
